
Microsoft Visual Studio Solution File, Format Version 12.00
# Visual Studio Version 17
VisualStudioVersion = 17.1.32210.238
MinimumVisualStudioVersion = 10.0.40219.1
Project("{FAE04EC0-301F-11D3-BF4B-00C04F79EFBC}") = "EShop", "EShop\EShop.csproj", "{24A5CBF5-F057-466F-846C-0AF99B74854E}"
EndProject
Global
	GlobalSection(SolutionConfigurationPlatforms) = preSolution
		Debug|Any CPU = Debug|Any CPU
		Release|Any CPU = Release|Any CPU
	EndGlobalSection
	GlobalSection(ProjectConfigurationPlatforms) = postSolution
		{24A5CBF5-F057-466F-846C-0AF99B74854E}.Debug|Any CPU.ActiveCfg = Debug|Any CPU
		{24A5CBF5-F057-466F-846C-0AF99B74854E}.Debug|Any CPU.Build.0 = Debug|Any CPU
		{24A5CBF5-F057-466F-846C-0AF99B74854E}.Release|Any CPU.ActiveCfg = Release|Any CPU
		{24A5CBF5-F057-466F-846C-0AF99B74854E}.Release|Any CPU.Build.0 = Release|Any CPU
	EndGlobalSection
	GlobalSection(SolutionProperties) = preSolution
		HideSolutionNode = FALSE
	EndGlobalSection
	GlobalSection(ExtensibilityGlobals) = postSolution
		SolutionGuid = {4C029D3B-5658-4D5F-968F-60AA55D837B8}
	EndGlobalSection
EndGlobal
